lockfileVersion: '9.0'

settings:
  autoInstallPeers: true
  excludeLinksFromLockfile: false

importers:

  .:
    devDependencies:
      typescript:
        specifier: ^6.0.3
        version: 6.0.3

  packages/gen-ts:
    dependencies:
      '@bufbuild/protobuf':
        specifier: ^2.14.0
        version: 2.14.0
    devDependencies:
      typescript:
        specifier: ^6.0.3
        version: 6.0.3

  packages/sdk-ts:
    dependencies:
      '@bufbuild/protobuf':
        specifier: ^2.14.0
        version: 2.14.0
      '@connectrpc/connect':
        specifier: ^2.1.2
        version: 2.1.2(@bufbuild/protobuf@2.14.0)
      '@connectrpc/connect-node':
        specifier: ^2.1.2
        version: 2.1.2(@bufbuild/protobuf@2.14.0)(@connectrpc/connect@2.1.2(@bufbuild/protobuf@2.14.0))
      '@connectrpc/connect-web':
        specifier: ^2.1.2
        version: 2.1.2(@bufbuild/protobuf@2.14.0)(@connectrpc/connect@2.1.2(@bufbuild/protobuf@2.14.0))
      '@o11y-one/api':
        specifier: workspace:*
        version: link:../gen-ts
    devDependencies:
      typescript:
        specifier: ^6.0.3
        version: 6.0.3

packages:

  '@bufbuild/protobuf@2.14.0':
    resolution: {integrity: sha512-C3UGsiCwSprE2NKIIFA3hCDlpXTMCAXRZuEVp88L1GY36Y41+rYL5fryE+nOFhp4p4JPQvdV8PQ4DWgHgeTE+w==}

  '@connectrpc/connect-node@2.1.2':
    resolution: {integrity: sha512-+i/aAOpsI8sIx1mbYp6d99zvxaUSF6t/jP9Ux9maAmjsZPgmIQ3JuIeYi0zJIP9zlCnBlJjkpPosshCgdRuThQ==}
    engines: {node: '>=20'}
    peerDependencies:
      '@bufbuild/protobuf': ^2.7.0
      '@connectrpc/connect': 2.1.2

  '@connectrpc/connect-web@2.1.2':
    resolution: {integrity: sha512-1tfaK85MU+gJjwwmL31d2rzdf0XCYX99chZf63uG89SGBUd4XuZ4ZzhGo2u79TPXOE6nLIZQ2okrpyey42PYdg==}
    peerDependencies:
      '@bufbuild/protobuf': ^2.7.0
      '@connectrpc/connect': 2.1.2

  '@connectrpc/connect@2.1.2':
    resolution: {integrity: sha512-MXkBijtcX09R10Eb6sFeIetc6w6746eio6xtfuyVOH7oQAacT1X0GzMIQFux6Qy8cq3W/T5qX5Bei8YbFtmRGA==}
    peerDependencies:
      '@bufbuild/protobuf': ^2.7.0

  typescript@6.0.3:
    resolution: {integrity: sha512-y2TvuxSZPDyQakkFRPZHKFm+KKVqIisdg9/CZwm9ftvKXLP8NRWj38/ODjNbr43SsoXqNuAisEf1GdCxqWcdBw==}
    engines: {node: '>=14.17'}
    hasBin: true

snapshots:

  '@bufbuild/protobuf@2.14.0': {}

  '@connectrpc/connect-node@2.1.2(@bufbuild/protobuf@2.14.0)(@connectrpc/connect@2.1.2(@bufbuild/protobuf@2.14.0))':
    dependencies:
      '@bufbuild/protobuf': 2.14.0
      '@connectrpc/connect': 2.1.2(@bufbuild/protobuf@2.14.0)

  '@connectrpc/connect-web@2.1.2(@bufbuild/protobuf@2.14.0)(@connectrpc/connect@2.1.2(@bufbuild/protobuf@2.14.0))':
    dependencies:
      '@bufbuild/protobuf': 2.14.0
      '@connectrpc/connect': 2.1.2(@bufbuild/protobuf@2.14.0)

  '@connectrpc/connect@2.1.2(@bufbuild/protobuf@2.14.0)':
    dependencies:
      '@bufbuild/protobuf': 2.14.0

  typescript@6.0.3: {}
